
Microsoft Visual Studio Solution File, Format Version 12.00
# Visual Studio 15
VisualStudioVersion = 15.0.28307.168
MinimumVisualStudioVersion = 10.0.40219.1
Project("{FAE04EC0-301F-11D3-BF4B-00C04F79EFBC}") = "ASPLab03", "ASPLab03\ASPLab03.csproj", "{5C3ABD50-9231-4C20-9387-0984B3E1EB83}"
EndProject
Global
	GlobalSection(SolutionConfigurationPlatforms) = preSolution
		Debug|Any CPU = Debug|Any CPU
		Release|Any CPU = Release|Any CPU
	EndGlobalSection
	GlobalSection(ProjectConfigurationPlatforms) = postSolution
		{5C3ABD50-9231-4C20-9387-0984B3E1EB83}.Debug|Any CPU.ActiveCfg = Debug|Any CPU
		{5C3ABD50-9231-4C20-9387-0984B3E1EB83}.Debug|Any CPU.Build.0 = Debug|Any CPU
		{5C3ABD50-9231-4C20-9387-0984B3E1EB83}.Release|Any CPU.ActiveCfg = Release|Any CPU
		{5C3ABD50-9231-4C20-9387-0984B3E1EB83}.Release|Any CPU.Build.0 = Release|Any CPU
	EndGlobalSection
	GlobalSection(SolutionProperties) = preSolution
		HideSolutionNode = FALSE
	EndGlobalSection
	GlobalSection(ExtensibilityGlobals) = postSolution
		SolutionGuid = {AECF67F9-D368-4C38-886C-BEC71CFC9A1E}
	EndGlobalSection
EndGlobal
